{
  "name": "pspdfkit-electron-example",
  "version": "2020.2.2",
  "lockfileVersion": 1,
  "requires": true,
  "dependencies": {
    "pspdfkit": {
      "version": "2020.2.2",
      "resolved": "https://registry.npmjs.org/pspdfkit/-/pspdfkit-2020.2.2.tgz",
      "integrity": "sha512-yxx1B7rQzTbmvoQNkntgqWBlMcmHv87PUiN8TpqMEt9Ng7fnKzR5OKZnRzvx5NPVBE8X3kfeuyW+87YdCoU2nA=="
    }
  }
}
